// !$*UTF8*$!
{
	archiveVersion = 1;
	classes = {
	};
	objectVersion = 46;
	objects = {

/* Begin PBXBuildFile section */
		8AE80C191966FF45004FFF54 /* AppDelegate.swift in Sources */ = {isa = PBXBuildFile; fileRef = 8AE80C181966FF45004FFF54 /* AppDelegate.swift */; };
		8AE80C1C1966FF45004FFF54 /* swift_sample.xcdatamodeld in Sources */ = {isa = PBXBuildFile; fileRef = 8AE80C1A1966FF45004FFF54 /* swift_sample.xcdatamodeld */; };
		8AE80C1E1966FF45004FFF54 /* ViewController.swift in Sources */ = {isa = PBXBuildFile; fileRef = 8AE80C1D1966FF45004FFF54 /* ViewController.swift */; };
		8AE80C211966FF45004FFF54 /* Main.storyboard in Resources */ = {isa = PBXBuildFile; fileRef = 8AE80C1F1966FF45004FFF54 /* Main.storyboard */; };
		8AE80C231966FF45004FFF54 /* Images.xcassets in Resources */ = {isa = PBXBuildFile; fileRef = 8AE80C221966FF45004FFF54 /* Images.xcassets */; };
		8AE80C2F1966FF45004FFF54 /* swift_sampleTests.swift in Sources */ = {isa = PBXBuildFile; fileRef = 8AE80C2E1966FF45004FFF54 /* swift_sampleTests.swift */; };
/* End PBXBuildFile section */

/* Begin PBXContainerItemProxy section */
		8AE80C291966FF45004FFF54 /* PBXContainerItemProxy */ = {
			isa = PBXContainerItemProxy;
			containerPortal = 8AE80C0B1966FF45004FFF54 /* Project object */;
			proxyType = 1;
			remoteGlobalIDString = 8AE80C121966FF45004FFF54;
			remoteInfo = "swift-sample";
		};
/* End PBXContainerItemProxy section */

/* Begin PBXFileReference section */
		8AE80C131966FF45004FFF54 /* swift-sample.app */ = {isa = PBXFileReference; explicitFileType = wrapper.application; includeInIndex = 0; path = "swift-sample.app"; sourceTree = BUILT_PRODUCTS_DIR; };
		8AE80C171966FF45004FFF54 /* Info.plist */ = {isa = PBXFileReference; lastKnownFileType = text.plist.xml; path = Info.plist; sourceTree = "<group>"; };
		8AE80C181966FF45004FFF54 /* AppDelegate.swift */ = {isa = PBXFileReference; lastKnownFileType = sourcecode.swift; path = AppDelegate.swift; sourceTree = "<group>"; };
		8AE80C1B1966FF45004FFF54 /* swift_sample.xcdatamodel */ = {isa = PBXFileReference; lastKnownFileType = wrapper.xcdatamodel; path = swift_sample.xcdatamodel; sourceTree = "<group>"; };
		8AE80C1D1966FF45004FFF54 /* ViewController.swift */ = {isa = PBXFileReference; lastKnownFileType = sourcecode.swift; path = ViewController.swift; sourceTree = "<group>"; };
		8AE80C201966FF45004FFF54 /* Base */ = {isa = PBXFileReference; lastKnownFileType = file.storyboard; name = Base; path = Base.lproj/Main.storyboard; sourceTree = "<group>"; };
		8AE80C221966FF45004FFF54 /* Images.xcassets */ = {isa = PBXFileReference; lastKnownFileType = folder.assetcatalog; path = Images.xcassets; sourceTree = "<group>"; };
		8AE80C281966FF45004FFF54 /* swift-sampleTests.xctest */ = {isa = PBXFileReference; explicitFileType = wrapper.cfbundle; includeInIndex = 0; path = "swift-sampleTests.xctest"; sourceTree = BUILT_PRODUCTS_DIR; };
		8AE80C2D1966FF45004FFF54 /* Info.plist */ = {isa = PBXFileReference; lastKnownFileType = text.plist.xml; path = Info.plist; sourceTree = "<group>"; };
		8AE80C2E1966FF45004FFF54 /* swift_sampleTests.swift */ = {isa = PBXFileReference; lastKnownFileType = sourcecode.swift; path = swift_sampleTests.swift; sourceTree = "<group>"; };
/* End PBXFileReference section */

/* Begin PBXFrameworksBuildPhase section */
		8AE80C101966FF45004FFF54 /* Frameworks */ = {
			isa = PBXFrameworksBuildPhase;
			buildActionMask = 2147483647;
			files = (
			);
			runOnlyForDeploymentPostprocessing = 0;
		};
		8AE80C251966FF45004FFF54 /* Frameworks */ = {
			isa = PBXFrameworksBuildPhase;
			buildActionMask = 2147483647;
			files = (
			);
			runOnlyForDeploymentPostprocessing = 0;
		};
/* End PBXFrameworksBuildPhase section */

/* Begin PBXGroup section */
		8AE80C0A1966FF45004FFF54 = {
			isa = PBXGroup;
			children = (
				8AE80C151966FF45004FFF54 /* swift-sample */,
				8AE80C2B1966FF45004FFF54 /* swift-sampleTests */,
				8AE80C141966FF45004FFF54 /* Products */,
			);
			sourceTree = "<group>";
		};
		8AE80C141966FF45004FFF54 /* Products */ = {
			isa = PBXGroup;
			children = (
				8AE80C131966FF45004FFF54 /* swift-sample.app */,
				8AE80C281966FF45004FFF54 /* swift-sampleTests.xctest */,
			);
			name = Products;
			sourceTree = "<group>";
		};
		8AE80C151966FF45004FFF54 /* swift-sample */ = {
			isa = PBXGroup;
			children = (
				8AE80C181966FF45004FFF54 /* AppDelegate.swift */,
				8AE80C1D1966FF45004FFF54 /* ViewController.swift */,
				8AE80C1F1966FF45004FFF54 /* Main.storyboard */,
				8AE80C221966FF45004FFF54 /* Images.xcassets */,
				8AE80C1A1966FF45004FFF54 /* swift_sample.xcdatamodeld */,
				8AE80C161966FF45004FFF54 /* Supporting Files */,
			);
			path = "swift-sample";
			sourceTree = "<group>";
		};
		8AE80C161966FF45004FFF54 /* Supporting Files */ = {
			isa = PBXGroup;
			children = (
				8AE80C171966FF45004FFF54 /* Info.plist */,
			);
			name = "Supporting Files";
			sourceTree = "<group>";
		};
		8AE80C2B1966FF45004FFF54 /* swift-sampleTests */ = {
			isa = PBXGroup;
			children = (
				8AE80C2E1966FF45004FFF54 /* swift_sampleTests.swift */,
				8AE80C2C1966FF45004FFF54 /* Supporting Files */,
			);
			path = "swift-sampleTests";
			sourceTree = "<group>";
		};
		8AE80C2C1966FF45004FFF54 /* Supporting Files */ = {
			isa = PBXGroup;
			children = (
				8AE80C2D1966FF45004FFF54 /* Info.plist */,
			);
			name = "Supporting Files";
			sourceTree = "<group>";
		};
/* End PBXGroup section */

/* Begin PBXNativeTarget section */
		8AE80C121966FF45004FFF54 /* swift-sample */ = {
			isa = PBXNativeTarget;
			buildConfigurationList = 8AE80C321966FF45004FFF54 /* Build configuration list for PBXNativeTarget "swift-sample" */;
			buildPhases = (
				8AE80C0F1966FF45004FFF54 /* Sources */,
				8AE80C101966FF45004FFF54 /* Frameworks */,
				8AE80C111966FF45004FFF54 /* Resources */,
			);
			buildRules = (
			);
			dependencies = (
			);
			name = "swift-sample";
			productName = "swift-sample";
			productReference = 8AE80C131966FF45004FFF54 /* swift-sample.app */;
			productType = "com.apple.product-type.application";
		};
		8AE80C271966FF45004FFF54 /* swift-sampleTests */ = {
			isa = PBXNativeTarget;
			buildConfigurationList = 8AE80C351966FF45004FFF54 /* Build configuration list for PBXNativeTarget "swift-sampleTests" */;
			buildPhases = (
				8AE80C241966FF45004FFF54 /* Sources */,
				8AE80C251966FF45004FFF54 /* Frameworks */,
				8AE80C261966FF45004FFF54 /* Resources */,
			);
			buildRules = (
			);
			dependencies = (
				8AE80C2A1966FF45004FFF54 /* PBXTargetDependency */,
			);
			name = "swift-sampleTests";
			productName = "swift-sampleTests";
			productReference = 8AE80C281966FF45004FFF54 /* swift-sampleTests.xctest */;
			productType = "com.apple.product-type.bundle.unit-test";
		};
/* End PBXNativeTarget section */

/* Begin PBXProject section */
		8AE80C0B1966FF45004FFF54 /* Project object */ = {
			isa = PBXProject;
			attributes = {
				LastUpgradeCheck = 0600;
				ORGANIZATIONNAME = "HyunJin Moon";
				TargetAttributes = {
					8AE80C121966FF45004FFF54 = {
						CreatedOnToolsVersion = 6.0;
					};
					8AE80C271966FF45004FFF54 = {
						CreatedOnToolsVersion = 6.0;
						TestTargetID = 8AE80C121966FF45004FFF54;
					};
				};
			};
			buildConfigurationList = 8AE80C0E1966FF45004FFF54 /* Build configuration list for PBXProject "swift-sample" */;
			compatibilityVersion = "Xcode 3.2";
			developmentRegion = English;
			hasScannedForEncodings = 0;
			knownRegions = (
				en,
				Base,
			);
			mainGroup = 8AE80C0A1966FF45004FFF54;
			productRefGroup = 8AE80C141966FF45004FFF54 /* Products */;
			projectDirPath = "";
			projectRoot = "";
			targets = (
				8AE80C121966FF45004FFF54 /* swift-sample */,
				8AE80C271966FF45004FFF54 /* swift-sampleTests */,
			);
		};
/* End PBXProject section */

/* Begin PBXResourcesBuildPhase section */
		8AE80C111966FF45004FFF54 /* Resources */ = {
			isa = PBXResourcesBuildPhase;
			buildActionMask = 2147483647;
			files = (
				8AE80C211966FF45004FFF54 /* Main.storyboard in Resources */,
				8AE80C231966FF45004FFF54 /* Images.xcassets in Resources */,
			);
			runOnlyForDeploymentPostprocessing = 0;
		};
		8AE80C261966FF45004FFF54 /* Resources */ = {
			isa = PBXResourcesBuildPhase;
			buildActionMask = 2147483647;
			files = (
			);
			runOnlyForDeploymentPostprocessing = 0;
		};
/* End PBXResourcesBuildPhase section */

/* Begin PBXSourcesBuildPhase section */
		8AE80C0F1966FF45004FFF54 /* Sources */ = {
			isa = PBXSourcesBuildPhase;
			buildActionMask = 2147483647;
			files = (
				8AE80C1E1966FF45004FFF54 /* ViewController.swift in Sources */,
				8AE80C191966FF45004FFF54 /* AppDelegate.swift in Sources */,
				8AE80C1C1966FF45004FFF54 /* swift_sample.xcdatamodeld in Sources */,
			);
			runOnlyForDeploymentPostprocessing = 0;
		};
		8AE80C241966FF45004FFF54 /* Sources */ = {
			isa = PBXSourcesBuildPhase;
			buildActionMask = 2147483647;
			files = (
				8AE80C2F1966FF45004FFF54 /* swift_sampleTests.swift in Sources */,
			);
			runOnlyForDeploymentPostprocessing = 0;
		};
/* End PBXSourcesBuildPhase section */

/* Begin PBXTargetDependency section */
		8AE80C2A1966FF45004FFF54 /* PBXTargetDependency */ = {
			isa = PBXTargetDependency;
			target = 8AE80C121966FF45004FFF54 /* swift-sample */;
			targetProxy = 8AE80C291966FF45004FFF54 /* PBXContainerItemProxy */;
		};
/* End PBXTargetDependency section */

/* Begin PBXVariantGroup section */
		8AE80C1F1966FF45004FFF54 /* Main.storyboard */ = {
			isa = PBXVariantGroup;
			children = (
				8AE80C201966FF45004FFF54 /* Base */,
			);
			name = Main.storyboard;
			sourceTree = "<group>";
		};
/* End PBXVariantGroup section */

/* Begin XCBuildConfiguration section */
		8AE80C301966FF45004FFF54 /* Debug */ = {
			isa = XCBuildConfiguration;
			buildSettings = {
				ALWAYS_SEARCH_USER_PATHS = NO;
				CLANG_CXX_LANGUAGE_STANDARD = "gnu++0x";
				CLANG_CXX_LIBRARY = "libc++";
				CLANG_ENABLE_MODULES = YES;
				CLANG_ENABLE_OBJC_ARC = YES;
				CLANG_WARN_BOOL_CONVERSION = YES;
				CLANG_WARN_CONSTANT_CONVERSION = YES;
				CLANG_WARN_DIRECT_OBJC_ISA_USAGE = YES_ERROR;
				CLANG_WARN_EMPTY_BODY = YES;
				CLANG_WARN_ENUM_CONVERSION = YES;
				CLANG_WARN_INT_CONVERSION = YES;
				CLANG_WARN_OBJC_ROOT_CLASS = YES_ERROR;
				CLANG_WARN_UNREACHABLE_CODE = YES;
				CLANG_WARN__DUPLICATE_METHOD_MATCH = YES;
				"CODE_SIGN_IDENTITY[sdk=iphoneos*]" = "iPhone Developer";
				COPY_PHASE_STRIP = NO;
				ENABLE_STRICT_OBJC_MSGSEND = YES;
				GCC_C_LANGUAGE_STANDARD = gnu99;
				GCC_DYNAMIC_NO_PIC = NO;
				GCC_OPTIMIZATION_LEVEL = 0;
				GCC_PREPROCESSOR_DEFINITIONS = (
					"DEBUG=1",
					"$(inherited)",
				);
				GCC_SYMBOLS_PRIVATE_EXTERN = NO;
				GCC_WARN_64_TO_32_BIT_CONVERSION = YES;
				GCC_WARN_ABOUT_RETURN_TYPE = YES_ERROR;
				GCC_WARN_UNDECLARED_SELECTOR = YES;
				GCC_WARN_UNINITIALIZED_AUTOS = YES_AGGRESSIVE;
				GCC_WARN_UNUSED_FUNCTION = YES;
				GCC_WARN_UNUSED_VARIABLE = YES;
				IPHONEOS_DEPLOYMENT_TARGET = 8.0;
				METAL_ENABLE_DEBUG_INFO = YES;
				ONLY_ACTIVE_ARCH = YES;
				SDKROOT = iphoneos;
				SWIFT_OPTIMIZATION_LEVEL = "-Onone";
				TARGETED_DEVICE_FAMILY = "1,2";
			};
			name = Debug;
		};
		8AE80C311966FF45004FFF54 /* Release */ = {
			isa = XCBuildConfiguration;
			buildSettings = {
				ALWAYS_SEARCH_USER_PATHS = NO;
				CLANG_CXX_LANGUAGE_STANDARD = "gnu++0x";
				CLANG_CXX_LIBRARY = "libc++";
				CLANG_ENABLE_MODULES = YES;
				CLANG_ENABLE_OBJC_ARC = YES;
				CLANG_WARN_BOOL_CONVERSION = YES;
				CLANG_WARN_CONSTANT_CONVERSION = YES;
				CLANG_WARN_DIRECT_OBJC_ISA_USAGE = YES_ERROR;
				CLANG_WARN_EMPTY_BODY = YES;
				CLANG_WARN_ENUM_CONVERSION = YES;
				CLANG_WARN_INT_CONVERSION = YES;
				CLANG_WARN_OBJC_ROOT_CLASS = YES_ERROR;
				CLANG_WARN_UNREACHABLE_CODE = YES;
				CLANG_WARN__DUPLICATE_METHOD_MATCH = YES;
				"CODE_SIGN_IDENTITY[sdk=iphoneos*]" = "iPhone Developer";
				COPY_PHASE_STRIP = YES;
				ENABLE_NS_ASSERTIONS = NO;
				ENABLE_STRICT_OBJC_MSGSEND = YES;
				GCC_C_LANGUAGE_STANDARD = gnu99;
				GCC_WARN_64_TO_32_BIT_CONVERSION = YES;
				GCC_WARN_ABOUT_RETURN_TYPE = YES_ERROR;
				GCC_WARN_UNDECLARED_SELECTOR = YES;
				GCC_WARN_UNINITIALIZED_AUTOS = YES_AGGRESSIVE;
				GCC_WARN_UNUSED_FUNCTION = YES;
				GCC_WARN_UNUSED_VARIABLE = YES;
				IPHONEOS_DEPLOYMENT_TARGET = 8.0;
				METAL_ENABLE_DEBUG_INFO = NO;
				SDKROOT = iphoneos;
				TARGETED_DEVICE_FAMILY = "1,2";
				VALIDATE_PRODUCT = YES;
			};
			name = Release;
		};
		8AE80C331966FF45004FFF54 /* Debug */ = {
			isa = XCBuildConfiguration;
			buildSettings = {
				ASSETCATALOG_COMPILER_APPICON_NAME = AppIcon;
				ASSETCATALOG_COMPILER_LAUNCHIMAGE_NAME = LaunchImage;
				INFOPLIST_FILE = "swift-sample/Info.plist";
				IPHONEOS_DEPLOYMENT_TARGET = 8.0;
				LD_RUNPATH_SEARCH_PATHS = "$(inherited) @executable_path/Frameworks";
				PRODUCT_NAME = "$(TARGET_NAME)";
				TARGETED_DEVICE_FAMILY = 1;
			};
			name = Debug;
		};
		8AE80C341966FF45004FFF54 /* Release */ = {
			isa = XCBuildConfiguration;
			buildSettings = {
				ASSETCATALOG_COMPILER_APPICON_NAME = AppIcon;
				ASSETCATALOG_COMPILER_LAUNCHIMAGE_NAME = LaunchImage;
				INFOPLIST_FILE = "swift-sample/Info.plist";
				IPHONEOS_DEPLOYMENT_TARGET = 8.0;
				LD_RUNPATH_SEARCH_PATHS = "$(inherited) @executable_path/Frameworks";
				PRODUCT_NAME = "$(TARGET_NAME)";
				TARGETED_DEVICE_FAMILY = 1;
			};
			name = Release;
		};
		8AE80C361966FF45004FFF54 /* Debug */ = {
			isa = XCBuildConfiguration;
			buildSettings = {
				BUNDLE_LOADER = "$(BUILT_PRODUCTS_DIR)/swift-sample.app/swift-sample";
				FRAMEWORK_SEARCH_PATHS = (
					"$(SDKROOT)/Developer/Library/Frameworks",
					"$(inherited)",
				);
				GCC_PREPROCESSOR_DEFINITIONS = (
					"DEBUG=1",
					"$(inherited)",
				);
				INFOPLIST_FILE = "swift-sampleTests/Info.plist";
				LD_RUNPATH_SEARCH_PATHS = "$(inherited) @executable_path/Frameworks @loader_path/Frameworks";
				METAL_ENABLE_DEBUG_INFO = YES;
				PRODUCT_NAME = "$(TARGET_NAME)";
				TEST_HOST = "$(BUNDLE_LOADER)";
			};
			name = Debug;
		};
		8AE80C371966FF45004FFF54 /* Release */ = {
			isa = XCBuildConfiguration;
			buildSettings = {
				BUNDLE_LOADER = "$(BUILT_PRODUCTS_DIR)/swift-sample.app/swift-sample";
				FRAMEWORK_SEARCH_PATHS = (
					"$(SDKROOT)/Developer/Library/Frameworks",
					"$(inherited)",
				);
				INFOPLIST_FILE = "swift-sampleTests/Info.plist";
				LD_RUNPATH_SEARCH_PATHS = "$(inherited) @executable_path/Frameworks @loader_path/Frameworks";
				METAL_ENABLE_DEBUG_INFO = NO;
				PRODUCT_NAME = "$(TARGET_NAME)";
				TEST_HOST = "$(BUNDLE_LOADER)";
			};
			name = Release;
		};
/* End XCBuildConfiguration section */

/* Begin XCConfigurationList section */
		8AE80C0E1966FF45004FFF54 /* Build configuration list for PBXProject "swift-sample" */ = {
			isa = XCConfigurationList;
			buildConfigurations = (
				8AE80C301966FF45004FFF54 /* Debug */,
				8AE80C311966FF45004FFF54 /* Release */,
			);
			defaultConfigurationIsVisible = 0;
			defaultConfigurationName = Release;
		};
		8AE80C321966FF45004FFF54 /* Build configuration list for PBXNativeTarget "swift-sample" */ = {
			isa = XCConfigurationList;
			buildConfigurations = (
				8AE80C331966FF45004FFF54 /* Debug */,
				8AE80C341966FF45004FFF54 /* Release */,
			);
			defaultConfigurationIsVisible = 0;
		};
		8AE80C351966FF45004FFF54 /* Build configuration list for PBXNativeTarget "swift-sampleTests" */ = {
			isa = XCConfigurationList;
			buildConfigurations = (
				8AE80C361966FF45004FFF54 /* Debug */,
				8AE80C371966FF45004FFF54 /* Release */,
			);
			defaultConfigurationIsVisible = 0;
		};
/* End XCConfigurationList section */

/* Begin XCVersionGroup section */
		8AE80C1A1966FF45004FFF54 /* swift_sample.xcdatamodeld */ = {
			isa = XCVersionGroup;
			children = (
				8AE80C1B1966FF45004FFF54 /* swift_sample.xcdatamodel */,
			);
			currentVersion = 8AE80C1B1966FF45004FFF54 /* swift_sample.xcdatamodel */;
			path = swift_sample.xcdatamodeld;
			sourceTree = "<group>";
			versionGroupType = wrapper.xcdatamodel;
		};
/* End XCVersionGroup section */
	};
	rootObject = 8AE80C0B1966FF45004FFF54 /* Project object */;
}
